
Microsoft Visual Studio Solution File, Format Version 12.00
# Visual Studio Version 16
VisualStudioVersion = 16.0.30717.126
MinimumVisualStudioVersion = 10.0.40219.1
Project("{FAE04EC0-301F-11D3-BF4B-00C04F79EFBC}") = "RietRobHaushaltsbuch", "RietRobHaushaltsbuch\RietRobHaushaltsbuch.csproj", "{21656D2E-CB30-46E5-ACC6-A94E48EA2400}"
EndProject
Project("{FAE04EC0-301F-11D3-BF4B-00C04F79EFBC}") = "RietRobHaushaltsbuch.Core", "RietRobHaushaltsbuch.Core\RietRobHaushaltsbuch.Core.csproj", "{C96ED1FA-E594-4E9D-8596-CE499F1710BD}"
EndProject
Project("{FAE04EC0-301F-11D3-BF4B-00C04F79EFBC}") = "RietRobHaushaltsbuch.Modules.CarRefuelTracker", "Modules\RietRobHaushaltsbuch.Modules.CarRefuelTracker\RietRobHaushaltsbuch.Modules.CarRefuelTracker.csproj", "{14FD534A-FC79-443F-92E7-2B658F415C22}"
EndProject
Global
	GlobalSection(SolutionConfigurationPlatforms) = preSolution
		Debug|Any CPU = Debug|Any CPU
		Release|Any CPU = Release|Any CPU
	EndGlobalSection
	GlobalSection(ProjectConfigurationPlatforms) = postSolution
		{21656D2E-CB30-46E5-ACC6-A94E48EA2400}.Debug|Any CPU.ActiveCfg = Debug|Any CPU
		{21656D2E-CB30-46E5-ACC6-A94E48EA2400}.Debug|Any CPU.Build.0 = Debug|Any CPU
		{21656D2E-CB30-46E5-ACC6-A94E48EA2400}.Release|Any CPU.ActiveCfg = Release|Any CPU
		{21656D2E-CB30-46E5-ACC6-A94E48EA2400}.Release|Any CPU.Build.0 = Release|Any CPU
		{C96ED1FA-E594-4E9D-8596-CE499F1710BD}.Debug|Any CPU.ActiveCfg = Debug|Any CPU
		{C96ED1FA-E594-4E9D-8596-CE499F1710BD}.Debug|Any CPU.Build.0 = Debug|Any CPU
		{C96ED1FA-E594-4E9D-8596-CE499F1710BD}.Release|Any CPU.ActiveCfg = Release|Any CPU
		{C96ED1FA-E594-4E9D-8596-CE499F1710BD}.Release|Any CPU.Build.0 = Release|Any CPU
		{14FD534A-FC79-443F-92E7-2B658F415C22}.Debug|Any CPU.ActiveCfg = Debug|Any CPU
		{14FD534A-FC79-443F-92E7-2B658F415C22}.Debug|Any CPU.Build.0 = Debug|Any CPU
		{14FD534A-FC79-443F-92E7-2B658F415C22}.Release|Any CPU.ActiveCfg = Release|Any CPU
		{14FD534A-FC79-443F-92E7-2B658F415C22}.Release|Any CPU.Build.0 = Release|Any CPU
	EndGlobalSection
	GlobalSection(SolutionProperties) = preSolution
		HideSolutionNode = FALSE
	EndGlobalSection
	GlobalSection(ExtensibilityGlobals) = postSolution
		SolutionGuid = {8C8C7458-7C8B-4050-B541-18DF4D030150}
	EndGlobalSection
EndGlobal
